// !$*UTF8*$!
{
	archiveVersion = 1;
	classes = {
	};
	objectVersion = 46;
	objects = {

/* Begin PBXBuildFile section */
		B62B74B41CDE991600C85604 /* main.swift in Sources */ = {isa = PBXBuildFile; fileRef = B62B74B31CDE991600C85604 /* main.swift */; };
		B62B74BB1CDE995A00C85604 /* Kebab.swift in Sources */ = {isa = PBXBuildFile; fileRef = B62B74BA1CDE995A00C85604 /* Kebab.swift */; };
		B62B74BE1CDE9A2C00C85604 /* Ingredient.swift in Sources */ = {isa = PBXBuildFile; fileRef = B62B74BD1CDE9A2C00C85604 /* Ingredient.swift */; };
		B674EEFE1CE118D50082F00B /* IngredientVisitable.swift in Sources */ = {isa = PBXBuildFile; fileRef = B674EEFD1CE118D50082F00B /* IngredientVisitable.swift */; };
		B674EF001CE119830082F00B /* IngredientVisitor.swift in Sources */ = {isa = PBXBuildFile; fileRef = B674EEFF1CE119830082F00B /* IngredientVisitor.swift */; };
		B674EF021CE11AAB0082F00B /* VegetarianVisitor.swift in Sources */ = {isa = PBXBuildFile; fileRef = B674EF011CE11AAB0082F00B /* VegetarianVisitor.swift */; };
		B674EF041CE11ECA0082F00B /* PescetarianVisitor.swift in Sources */ = {isa = PBXBuildFile; fileRef = B674EF031CE11ECA0082F00B /* PescetarianVisitor.swift */; };
/* End PBXBuildFile section */

/* Begin PBXCopyFilesBuildPhase section */
		B62B74AE1CDE991600C85604 /* CopyFiles */ = {
			isa = PBXCopyFilesBuildPhase;
			buildActionMask = 2147483647;
			dstPath = /usr/share/man/man1/;
			dstSubfolderSpec = 0;
			files = (
			);
			runOnlyForDeploymentPostprocessing = 1;
		};
/* End PBXCopyFilesBuildPhase section */

/* Begin PBXFileReference section */
		B62B74B01CDE991600C85604 /* kata-kebab */ = {isa = PBXFileReference; explicitFileType = "compiled.mach-o.executable"; includeInIndex = 0; path = "kata-kebab"; sourceTree = BUILT_PRODUCTS_DIR; };
		B62B74B31CDE991600C85604 /* main.swift */ = {isa = PBXFileReference; lastKnownFileType = sourcecode.swift; path = main.swift; sourceTree = "<group>"; };
		B62B74BA1CDE995A00C85604 /* Kebab.swift */ = {isa = PBXFileReference; fileEncoding = 4; lastKnownFileType = sourcecode.swift; path = Kebab.swift; sourceTree = "<group>"; };
		B62B74BD1CDE9A2C00C85604 /* Ingredient.swift */ = {isa = PBXFileReference; fileEncoding = 4; lastKnownFileType = sourcecode.swift; path = Ingredient.swift; sourceTree = "<group>"; };
		B674EEFD1CE118D50082F00B /* IngredientVisitable.swift */ = {isa = PBXFileReference; fileEncoding = 4; lastKnownFileType = sourcecode.swift; path = IngredientVisitable.swift; sourceTree = "<group>"; };
		B674EEFF1CE119830082F00B /* IngredientVisitor.swift */ = {isa = PBXFileReference; fileEncoding = 4; lastKnownFileType = sourcecode.swift; path = IngredientVisitor.swift; sourceTree = "<group>"; };
		B674EF011CE11AAB0082F00B /* VegetarianVisitor.swift */ = {isa = PBXFileReference; fileEncoding = 4; lastKnownFileType = sourcecode.swift; path = VegetarianVisitor.swift; sourceTree = "<group>"; };
		B674EF031CE11ECA0082F00B /* PescetarianVisitor.swift */ = {isa = PBXFileReference; fileEncoding = 4; lastKnownFileType = sourcecode.swift; path = PescetarianVisitor.swift; sourceTree = "<group>"; };
/* End PBXFileReference section */

/* Begin PBXFrameworksBuildPhase section */
		B62B74AD1CDE991600C85604 /* Frameworks */ = {
			isa = PBXFrameworksBuildPhase;
			buildActionMask = 2147483647;
			files = (
			);
			runOnlyForDeploymentPostprocessing = 0;
		};
/* End PBXFrameworksBuildPhase section */

/* Begin PBXGroup section */
		B62B74A71CDE991600C85604 = {
			isa = PBXGroup;
			children = (
				B62B74B21CDE991600C85604 /* kata-kebab */,
				B62B74B11CDE991600C85604 /* Products */,
			);
			sourceTree = "<group>";
		};
		B62B74B11CDE991600C85604 /* Products */ = {
			isa = PBXGroup;
			children = (
				B62B74B01CDE991600C85604 /* kata-kebab */,
			);
			name = Products;
			sourceTree = "<group>";
		};
		B62B74B21CDE991600C85604 /* kata-kebab */ = {
			isa = PBXGroup;
			children = (
				B62B74BF1CDE9B6700C85604 /* tests */,
				B62B74BC1CDE996700C85604 /* beans */,
				B62B74B31CDE991600C85604 /* main.swift */,
			);
			path = "kata-kebab";
			sourceTree = "<group>";
		};
		B62B74BC1CDE996700C85604 /* beans */ = {
			isa = PBXGroup;
			children = (
				B62B74BA1CDE995A00C85604 /* Kebab.swift */,
				B62B74BD1CDE9A2C00C85604 /* Ingredient.swift */,
				B674EEFD1CE118D50082F00B /* IngredientVisitable.swift */,
				B674EEFF1CE119830082F00B /* IngredientVisitor.swift */,
				B674EF011CE11AAB0082F00B /* VegetarianVisitor.swift */,
				B674EF031CE11ECA0082F00B /* PescetarianVisitor.swift */,
			);
			name = beans;
			sourceTree = "<group>";
		};
		B62B74BF1CDE9B6700C85604 /* tests */ = {
			isa = PBXGroup;
			children = (
			);
			name = tests;
			sourceTree = "<group>";
		};
/* End PBXGroup section */

/* Begin PBXNativeTarget section */
		B62B74AF1CDE991600C85604 /* kata-kebab */ = {
			isa = PBXNativeTarget;
			buildConfigurationList = B62B74B71CDE991600C85604 /* Build configuration list for PBXNativeTarget "kata-kebab" */;
			buildPhases = (
				B62B74AC1CDE991600C85604 /* Sources */,
				B62B74AD1CDE991600C85604 /* Frameworks */,
				B62B74AE1CDE991600C85604 /* CopyFiles */,
			);
			buildRules = (
			);
			dependencies = (
			);
			name = "kata-kebab";
			productName = "kata-kebab";
			productReference = B62B74B01CDE991600C85604 /* kata-kebab */;
			productType = "com.apple.product-type.tool";
		};
/* End PBXNativeTarget section */

/* Begin PBXProject section */
		B62B74A81CDE991600C85604 /* Project object */ = {
			isa = PBXProject;
			attributes = {
				LastSwiftUpdateCheck = 0730;
				LastUpgradeCheck = 0730;
				ORGANIZATIONNAME = "Charles NSEKE";
				TargetAttributes = {
					B62B74AF1CDE991600C85604 = {
						CreatedOnToolsVersion = 7.3;
					};
				};
			};
			buildConfigurationList = B62B74AB1CDE991600C85604 /* Build configuration list for PBXProject "kata-kebab" */;
			compatibilityVersion = "Xcode 3.2";
			developmentRegion = English;
			hasScannedForEncodings = 0;
			knownRegions = (
				en,
			);
			mainGroup = B62B74A71CDE991600C85604;
			productRefGroup = B62B74B11CDE991600C85604 /* Products */;
			projectDirPath = "";
			projectRoot = "";
			targets = (
				B62B74AF1CDE991600C85604 /* kata-kebab */,
			);
		};
/* End PBXProject section */

/* Begin PBXSourcesBuildPhase section */
		B62B74AC1CDE991600C85604 /* Sources */ = {
			isa = PBXSourcesBuildPhase;
			buildActionMask = 2147483647;
			files = (
				B62B74B41CDE991600C85604 /* main.swift in Sources */,
				B674EF001CE119830082F00B /* IngredientVisitor.swift in Sources */,
				B674EF041CE11ECA0082F00B /* PescetarianVisitor.swift in Sources */,
				B62B74BB1CDE995A00C85604 /* Kebab.swift in Sources */,
				B674EEFE1CE118D50082F00B /* IngredientVisitable.swift in Sources */,
				B674EF021CE11AAB0082F00B /* VegetarianVisitor.swift in Sources */,
				B62B74BE1CDE9A2C00C85604 /* Ingredient.swift in Sources */,
			);
			runOnlyForDeploymentPostprocessing = 0;
		};
/* End PBXSourcesBuildPhase section */

/* Begin XCBuildConfiguration section */
		B62B74B51CDE991600C85604 /* Debug */ = {
			isa = XCBuildConfiguration;
			buildSettings = {
				ALWAYS_SEARCH_USER_PATHS = NO;
				CLANG_ANALYZER_NONNULL = YES;
				CLANG_CXX_LANGUAGE_STANDARD = "gnu++0x";
				CLANG_CXX_LIBRARY = "libc++";
				CLANG_ENABLE_MODULES = YES;
				CLANG_ENABLE_OBJC_ARC = YES;
				CLANG_WARN_BOOL_CONVERSION = YES;
				CLANG_WARN_CONSTANT_CONVERSION = YES;
				CLANG_WARN_DIRECT_OBJC_ISA_USAGE = YES_ERROR;
				CLANG_WARN_EMPTY_BODY = YES;
				CLANG_WARN_ENUM_CONVERSION = YES;
				CLANG_WARN_INT_CONVERSION = YES;
				CLANG_WARN_OBJC_ROOT_CLASS = YES_ERROR;
				CLANG_WARN_UNREACHABLE_CODE = YES;
				CLANG_WARN__DUPLICATE_METHOD_MATCH = YES;
				CODE_SIGN_IDENTITY = "-";
				COPY_PHASE_STRIP = NO;
				DEBUG_INFORMATION_FORMAT = dwarf;
				ENABLE_STRICT_OBJC_MSGSEND = YES;
				ENABLE_TESTABILITY = YES;
				GCC_C_LANGUAGE_STANDARD = gnu99;
				GCC_DYNAMIC_NO_PIC = NO;
				GCC_NO_COMMON_BLOCKS = YES;
				GCC_OPTIMIZATION_LEVEL = 0;
				GCC_PREPROCESSOR_DEFINITIONS = (
					"DEBUG=1",
					"$(inherited)",
				);
				GCC_WARN_64_TO_32_BIT_CONVERSION = YES;
				GCC_WARN_ABOUT_RETURN_TYPE = YES_ERROR;
				GCC_WARN_UNDECLARED_SELECTOR = YES;
				GCC_WARN_UNINITIALIZED_AUTOS = YES_AGGRESSIVE;
				GCC_WARN_UNUSED_FUNCTION = YES;
				GCC_WARN_UNUSED_VARIABLE = YES;
				MACOSX_DEPLOYMENT_TARGET = 10.11;
				MTL_ENABLE_DEBUG_INFO = YES;
				ONLY_ACTIVE_ARCH = YES;
				SDKROOT = macosx;
				SWIFT_OPTIMIZATION_LEVEL = "-Onone";
			};
			name = Debug;
		};
		B62B74B61CDE991600C85604 /* Release */ = {
			isa = XCBuildConfiguration;
			buildSettings = {
				ALWAYS_SEARCH_USER_PATHS = NO;
				CLANG_ANALYZER_NONNULL = YES;
				CLANG_CXX_LANGUAGE_STANDARD = "gnu++0x";
				CLANG_CXX_LIBRARY = "libc++";
				CLANG_ENABLE_MODULES = YES;
				CLANG_ENABLE_OBJC_ARC = YES;
				CLANG_WARN_BOOL_CONVERSION = YES;
				CLANG_WARN_CONSTANT_CONVERSION = YES;
				CLANG_WARN_DIRECT_OBJC_ISA_USAGE = YES_ERROR;
				CLANG_WARN_EMPTY_BODY = YES;
				CLANG_WARN_ENUM_CONVERSION = YES;
				CLANG_WARN_INT_CONVERSION = YES;
				CLANG_WARN_OBJC_ROOT_CLASS = YES_ERROR;
				CLANG_WARN_UNREACHABLE_CODE = YES;
				CLANG_WARN__DUPLICATE_METHOD_MATCH = YES;
				CODE_SIGN_IDENTITY = "-";
				COPY_PHASE_STRIP = NO;
				DEBUG_INFORMATION_FORMAT = "dwarf-with-dsym";
				ENABLE_NS_ASSERTIONS = NO;
				ENABLE_STRICT_OBJC_MSGSEND = YES;
				GCC_C_LANGUAGE_STANDARD = gnu99;
				GCC_NO_COMMON_BLOCKS = YES;
				GCC_WARN_64_TO_32_BIT_CONVERSION = YES;
				GCC_WARN_ABOUT_RETURN_TYPE = YES_ERROR;
				GCC_WARN_UNDECLARED_SELECTOR = YES;
				GCC_WARN_UNINITIALIZED_AUTOS = YES_AGGRESSIVE;
				GCC_WARN_UNUSED_FUNCTION = YES;
				GCC_WARN_UNUSED_VARIABLE = YES;
				MACOSX_DEPLOYMENT_TARGET = 10.11;
				MTL_ENABLE_DEBUG_INFO = NO;
				SDKROOT = macosx;
			};
			name = Release;
		};
		B62B74B81CDE991600C85604 /* Debug */ = {
			isa = XCBuildConfiguration;
			buildSettings = {
				PRODUCT_NAME = "$(TARGET_NAME)";
			};
			name = Debug;
		};
		B62B74B91CDE991600C85604 /* Release */ = {
			isa = XCBuildConfiguration;
			buildSettings = {
				PRODUCT_NAME = "$(TARGET_NAME)";
			};
			name = Release;
		};
/* End XCBuildConfiguration section */

/* Begin XCConfigurationList section */
		B62B74AB1CDE991600C85604 /* Build configuration list for PBXProject "kata-kebab" */ = {
			isa = XCConfigurationList;
			buildConfigurations = (
				B62B74B51CDE991600C85604 /* Debug */,
				B62B74B61CDE991600C85604 /* Release */,
			);
			defaultConfigurationIsVisible = 0;
			defaultConfigurationName = Release;
		};
		B62B74B71CDE991600C85604 /* Build configuration list for PBXNativeTarget "kata-kebab" */ = {
			isa = XCConfigurationList;
			buildConfigurations = (
				B62B74B81CDE991600C85604 /* Debug */,
				B62B74B91CDE991600C85604 /* Release */,
			);
			defaultConfigurationIsVisible = 0;
			defaultConfigurationName = Release;
		};
/* End XCConfigurationList section */
	};
	rootObject = B62B74A81CDE991600C85604 /* Project object */;
}
